// !$*UTF8*$!
{
	archiveVersion = 1;
	classes = {
	};
	objectVersion = 56;
	objects = {

/* Begin PBXBuildFile section */
		5BCC0CAA2A3088C00080A3AF /* TriviagameApp.swift in Sources */ = {isa = PBXBuildFile; fileRef = 5BCC0CA92A3088C00080A3AF /* TriviagameApp.swift */; };
		5BCC0CAC2A3088C00080A3AF /* ContentView.swift in Sources */ = {isa = PBXBuildFile; fileRef = 5BCC0CAB2A3088C00080A3AF /* ContentView.swift */; };
		5BCC0CAE2A3088C20080A3AF /* Assets.xcassets in Resources */ = {isa = PBXBuildFile; fileRef = 5BCC0CAD2A3088C20080A3AF /* Assets.xcassets */; };
		5BCC0CB12A3088C20080A3AF /* Preview Assets.xcassets in Resources */ = {isa = PBXBuildFile; fileRef = 5BCC0CB02A3088C20080A3AF /* Preview Assets.xcassets */; };
		5BCC0CB92A308B0F0080A3AF /* PrimaryButton.swift in Sources */ = {isa = PBXBuildFile; fileRef = 5BCC0CB82A308B0F0080A3AF /* PrimaryButton.swift */; };
		5BCC0CBC2A308DCF0080A3AF /* Extensions.swift in Sources */ = {isa = PBXBuildFile; fileRef = 5BCC0CBB2A308DCF0080A3AF /* Extensions.swift */; };
		5BCC0CBE2A3091240080A3AF /* QuestionView.swift in Sources */ = {isa = PBXBuildFile; fileRef = 5BCC0CBD2A3091240080A3AF /* QuestionView.swift */; };
		5BCC0CC02A3092120080A3AF /* ProgressBar.swift in Sources */ = {isa = PBXBuildFile; fileRef = 5BCC0CBF2A3092120080A3AF /* ProgressBar.swift */; };
		5BCC0CC32A30941A0080A3AF /* Answer.swift in Sources */ = {isa = PBXBuildFile; fileRef = 5BCC0CC22A30941A0080A3AF /* Answer.swift */; };
		5BCC0CC52A3094840080A3AF /* AnswerRow.swift in Sources */ = {isa = PBXBuildFile; fileRef = 5BCC0CC42A3094840080A3AF /* AnswerRow.swift */; };
		5BCC0CC72A309AED0080A3AF /* TriviaView.swift in Sources */ = {isa = PBXBuildFile; fileRef = 5BCC0CC62A309AED0080A3AF /* TriviaView.swift */; };
		5BCC0CC92A309DEC0080A3AF /* Trivia.swift in Sources */ = {isa = PBXBuildFile; fileRef = 5BCC0CC82A309DEC0080A3AF /* Trivia.swift */; };
		5BCC0CCC2A30A2950080A3AF /* TriviaManager.swift in Sources */ = {isa = PBXBuildFile; fileRef = 5BCC0CCA2A30A0F80080A3AF /* TriviaManager.swift */; };
/* End PBXBuildFile section */

/* Begin PBXFileReference section */
		5BCC0CA62A3088C00080A3AF /* Triviagame.app */ = {isa = PBXFileReference; explicitFileType = wrapper.application; includeInIndex = 0; path = Triviagame.app; sourceTree = BUILT_PRODUCTS_DIR; };
		5BCC0CA92A3088C00080A3AF /* TriviagameApp.swift */ = {isa = PBXFileReference; lastKnownFileType = sourcecode.swift; path = TriviagameApp.swift; sourceTree = "<group>"; };
		5BCC0CAB2A3088C00080A3AF /* ContentView.swift */ = {isa = PBXFileReference; lastKnownFileType = sourcecode.swift; path = ContentView.swift; sourceTree = "<group>"; };
		5BCC0CAD2A3088C20080A3AF /* Assets.xcassets */ = {isa = PBXFileReference; lastKnownFileType = folder.assetcatalog; path = Assets.xcassets; sourceTree = "<group>"; };
		5BCC0CB02A3088C20080A3AF /* Preview Assets.xcassets */ = {isa = PBXFileReference; lastKnownFileType = folder.assetcatalog; path = "Preview Assets.xcassets"; sourceTree = "<group>"; };
		5BCC0CB82A308B0F0080A3AF /* PrimaryButton.swift */ = {isa = PBXFileReference; lastKnownFileType = sourcecode.swift; path = PrimaryButton.swift; sourceTree = "<group>"; };
		5BCC0CBB2A308DCF0080A3AF /* Extensions.swift */ = {isa = PBXFileReference; lastKnownFileType = sourcecode.swift; path = Extensions.swift; sourceTree = "<group>"; };
		5BCC0CBD2A3091240080A3AF /* QuestionView.swift */ = {isa = PBXFileReference; lastKnownFileType = sourcecode.swift; path = QuestionView.swift; sourceTree = "<group>"; };
		5BCC0CBF2A3092120080A3AF /* ProgressBar.swift */ = {isa = PBXFileReference; lastKnownFileType = sourcecode.swift; path = ProgressBar.swift; sourceTree = "<group>"; };
		5BCC0CC22A30941A0080A3AF /* Answer.swift */ = {isa = PBXFileReference; lastKnownFileType = sourcecode.swift; path = Answer.swift; sourceTree = "<group>"; };
		5BCC0CC42A3094840080A3AF /* AnswerRow.swift */ = {isa = PBXFileReference; lastKnownFileType = sourcecode.swift; path = AnswerRow.swift; sourceTree = "<group>"; };
		5BCC0CC62A309AED0080A3AF /* TriviaView.swift */ = {isa = PBXFileReference; lastKnownFileType = sourcecode.swift; path = TriviaView.swift; sourceTree = "<group>"; };
		5BCC0CC82A309DEC0080A3AF /* Trivia.swift */ = {isa = PBXFileReference; lastKnownFileType = sourcecode.swift; path = Trivia.swift; sourceTree = "<group>"; };
		5BCC0CCA2A30A0F80080A3AF /* TriviaManager.swift */ = {isa = PBXFileReference; lastKnownFileType = sourcecode.swift; path = TriviaManager.swift; sourceTree = "<group>"; };
/* End PBXFileReference section */

/* Begin PBXFrameworksBuildPhase section */
		5BCC0CA32A3088C00080A3AF /* Frameworks */ = {
			isa = PBXFrameworksBuildPhase;
			buildActionMask = 2147483647;
			files = (
			);
			runOnlyForDeploymentPostprocessing = 0;
		};
/* End PBXFrameworksBuildPhase section */

/* Begin PBXGroup section */
		5BCC0C9D2A3088BF0080A3AF = {
			isa = PBXGroup;
			children = (
				5BCC0CA82A3088C00080A3AF /* Triviagame */,
				5BCC0CA72A3088C00080A3AF /* Products */,
			);
			sourceTree = "<group>";
		};
		5BCC0CA72A3088C00080A3AF /* Products */ = {
			isa = PBXGroup;
			children = (
				5BCC0CA62A3088C00080A3AF /* Triviagame.app */,
			);
			name = Products;
			sourceTree = "<group>";
		};
		5BCC0CA82A3088C00080A3AF /* Triviagame */ = {
			isa = PBXGroup;
			children = (
				5BCC0CC12A3094040080A3AF /* Models */,
				5BCC0CB72A308AF80080A3AF /* Components */,
				5BCC0CA92A3088C00080A3AF /* TriviagameApp.swift */,
				5BCC0CBA2A308C8F0080A3AF /* Views */,
				5BCC0CAD2A3088C20080A3AF /* Assets.xcassets */,
				5BCC0CAF2A3088C20080A3AF /* Preview Content */,
				5BCC0CBB2A308DCF0080A3AF /* Extensions.swift */,
				5BCC0CCA2A30A0F80080A3AF /* TriviaManager.swift */,
			);
			path = Triviagame;
			sourceTree = "<group>";
		};
		5BCC0CAF2A3088C20080A3AF /* Preview Content */ = {
			isa = PBXGroup;
			children = (
				5BCC0CB02A3088C20080A3AF /* Preview Assets.xcassets */,
			);
			path = "Preview Content";
			sourceTree = "<group>";
		};
		5BCC0CB72A308AF80080A3AF /* Components */ = {
			isa = PBXGroup;
			children = (
				5BCC0CB82A308B0F0080A3AF /* PrimaryButton.swift */,
				5BCC0CBF2A3092120080A3AF /* ProgressBar.swift */,
				5BCC0CC42A3094840080A3AF /* AnswerRow.swift */,
			);
			path = Components;
			sourceTree = "<group>";
		};
		5BCC0CBA2A308C8F0080A3AF /* Views */ = {
			isa = PBXGroup;
			children = (
				5BCC0CAB2A3088C00080A3AF /* ContentView.swift */,
				5BCC0CBD2A3091240080A3AF /* QuestionView.swift */,
				5BCC0CC62A309AED0080A3AF /* TriviaView.swift */,
			);
			path = Views;
			sourceTree = "<group>";
		};
		5BCC0CC12A3094040080A3AF /* Models */ = {
			isa = PBXGroup;
			children = (
				5BCC0CC22A30941A0080A3AF /* Answer.swift */,
				5BCC0CC82A309DEC0080A3AF /* Trivia.swift */,
			);
			path = Models;
			sourceTree = "<group>";
		};
/* End PBXGroup section */

/* Begin PBXNativeTarget section */
		5BCC0CA52A3088C00080A3AF /* Triviagame */ = {
			isa = PBXNativeTarget;
			buildConfigurationList = 5BCC0CB42A3088C20080A3AF /* Build configuration list for PBXNativeTarget "Triviagame" */;
			buildPhases = (
				5BCC0CA22A3088C00080A3AF /* Sources */,
				5BCC0CA32A3088C00080A3AF /* Frameworks */,
				5BCC0CA42A3088C00080A3AF /* Resources */,
			);
			buildRules = (
			);
			dependencies = (
			);
			name = Triviagame;
			productName = Triviagame;
			productReference = 5BCC0CA62A3088C00080A3AF /* Triviagame.app */;
			productType = "com.apple.product-type.application";
		};
/* End PBXNativeTarget section */

/* Begin PBXProject section */
		5BCC0C9E2A3088BF0080A3AF /* Project object */ = {
			isa = PBXProject;
			attributes = {
				BuildIndependentTargetsInParallel = 1;
				LastSwiftUpdateCheck = 1430;
				LastUpgradeCheck = 1430;
				TargetAttributes = {
					5BCC0CA52A3088C00080A3AF = {
						CreatedOnToolsVersion = 14.3.1;
					};
				};
			};
			buildConfigurationList = 5BCC0CA12A3088BF0080A3AF /* Build configuration list for PBXProject "Triviagame" */;
			compatibilityVersion = "Xcode 14.0";
			developmentRegion = en;
			hasScannedForEncodings = 0;
			knownRegions = (
				en,
				Base,
			);
			mainGroup = 5BCC0C9D2A3088BF0080A3AF;
			productRefGroup = 5BCC0CA72A3088C00080A3AF /* Products */;
			projectDirPath = "";
			projectRoot = "";
			targets = (
				5BCC0CA52A3088C00080A3AF /* Triviagame */,
			);
		};
/* End PBXProject section */

/* Begin PBXResourcesBuildPhase section */
		5BCC0CA42A3088C00080A3AF /* Resources */ = {
			isa = PBXResourcesBuildPhase;
			buildActionMask = 2147483647;
			files = (
				5BCC0CB12A3088C20080A3AF /* Preview Assets.xcassets in Resources */,
				5BCC0CAE2A3088C20080A3AF /* Assets.xcassets in Resources */,
			);
			runOnlyForDeploymentPostprocessing = 0;
		};
/* End PBXResourcesBuildPhase section */

/* Begin PBXSourcesBuildPhase section */
		5BCC0CA22A3088C00080A3AF /* Sources */ = {
			isa = PBXSourcesBuildPhase;
			buildActionMask = 2147483647;
			files = (
				5BCC0CBE2A3091240080A3AF /* QuestionView.swift in Sources */,
				5BCC0CC72A309AED0080A3AF /* TriviaView.swift in Sources */,
				5BCC0CC92A309DEC0080A3AF /* Trivia.swift in Sources */,
				5BCC0CB92A308B0F0080A3AF /* PrimaryButton.swift in Sources */,
				5BCC0CCC2A30A2950080A3AF /* TriviaManager.swift in Sources */,
				5BCC0CC52A3094840080A3AF /* AnswerRow.swift in Sources */,
				5BCC0CAC2A3088C00080A3AF /* ContentView.swift in Sources */,
				5BCC0CC32A30941A0080A3AF /* Answer.swift in Sources */,
				5BCC0CAA2A3088C00080A3AF /* TriviagameApp.swift in Sources */,
				5BCC0CC02A3092120080A3AF /* ProgressBar.swift in Sources */,
				5BCC0CBC2A308DCF0080A3AF /* Extensions.swift in Sources */,
			);
			runOnlyForDeploymentPostprocessing = 0;
		};
/* End PBXSourcesBuildPhase section */

/* Begin XCBuildConfiguration section */
		5BCC0CB22A3088C20080A3AF /* Debug */ = {
			isa = XCBuildConfiguration;
			buildSettings = {
				ALWAYS_SEARCH_USER_PATHS = NO;
				CLANG_ANALYZER_NONNULL = YES;
				CLANG_ANALYZER_NUMBER_OBJECT_CONVERSION = YES_AGGRESSIVE;
				CLANG_CXX_LANGUAGE_STANDARD = "gnu++20";
				CLANG_ENABLE_MODULES = YES;
				CLANG_ENABLE_OBJC_ARC = YES;
				CLANG_ENABLE_OBJC_WEAK = YES;
				CLANG_WARN_BLOCK_CAPTURE_AUTORELEASING = YES;
				CLANG_WARN_BOOL_CONVERSION = YES;
				CLANG_WARN_COMMA = YES;
				CLANG_WARN_CONSTANT_CONVERSION = YES;
				CLANG_WARN_DEPRECATED_OBJC_IMPLEMENTATIONS = YES;
				CLANG_WARN_DIRECT_OBJC_ISA_USAGE = YES_ERROR;
				CLANG_WARN_DOCUMENTATION_COMMENTS = YES;
				CLANG_WARN_EMPTY_BODY = YES;
				CLANG_WARN_ENUM_CONVERSION = YES;
				CLANG_WARN_INFINITE_RECURSION = YES;
				CLANG_WARN_INT_CONVERSION = YES;
				CLANG_WARN_NON_LITERAL_NULL_CONVERSION = YES;
				CLANG_WARN_OBJC_IMPLICIT_RETAIN_SELF = YES;
				CLANG_WARN_OBJC_LITERAL_CONVERSION = YES;
				CLANG_WARN_OBJC_ROOT_CLASS = YES_ERROR;
				CLANG_WARN_QUOTED_INCLUDE_IN_FRAMEWORK_HEADER = YES;
				CLANG_WARN_RANGE_LOOP_ANALYSIS = YES;
				CLANG_WARN_STRICT_PROTOTYPES = YES;
				CLANG_WARN_SUSPICIOUS_MOVE = YES;
				CLANG_WARN_UNGUARDED_AVAILABILITY = YES_AGGRESSIVE;
				CLANG_WARN_UNREACHABLE_CODE = YES;
				CLANG_WARN__DUPLICATE_METHOD_MATCH = YES;
				COPY_PHASE_STRIP = NO;
				DEBUG_INFORMATION_FORMAT = dwarf;
				ENABLE_STRICT_OBJC_MSGSEND = YES;
				ENABLE_TESTABILITY = YES;
				GCC_C_LANGUAGE_STANDARD = gnu11;
				GCC_DYNAMIC_NO_PIC = NO;
				GCC_NO_COMMON_BLOCKS = YES;
				GCC_OPTIMIZATION_LEVEL = 0;
				GCC_PREPROCESSOR_DEFINITIONS = (
					"DEBUG=1",
					"$(inherited)",
				);
				GCC_WARN_64_TO_32_BIT_CONVERSION = YES;
				GCC_WARN_ABOUT_RETURN_TYPE = YES_ERROR;
				GCC_WARN_UNDECLARED_SELECTOR = YES;
				GCC_WARN_UNINITIALIZED_AUTOS = YES_AGGRESSIVE;
				GCC_WARN_UNUSED_FUNCTION = YES;
				GCC_WARN_UNUSED_VARIABLE = YES;
				IPHONEOS_DEPLOYMENT_TARGET = 16.4;
				MTL_ENABLE_DEBUG_INFO = INCLUDE_SOURCE;
				MTL_FAST_MATH = YES;
				ONLY_ACTIVE_ARCH = YES;
				SDKROOT = iphoneos;
				SWIFT_ACTIVE_COMPILATION_CONDITIONS = DEBUG;
				SWIFT_OPTIMIZATION_LEVEL = "-Onone";
			};
			name = Debug;
		};
		5BCC0CB32A3088C20080A3AF /* Release */ = {
			isa = XCBuildConfiguration;
			buildSettings = {
				ALWAYS_SEARCH_USER_PATHS = NO;
				CLANG_ANALYZER_NONNULL = YES;
				CLANG_ANALYZER_NUMBER_OBJECT_CONVERSION = YES_AGGRESSIVE;
				CLANG_CXX_LANGUAGE_STANDARD = "gnu++20";
				CLANG_ENABLE_MODULES = YES;
				CLANG_ENABLE_OBJC_ARC = YES;
				CLANG_ENABLE_OBJC_WEAK = YES;
				CLANG_WARN_BLOCK_CAPTURE_AUTORELEASING = YES;
				CLANG_WARN_BOOL_CONVERSION = YES;
				CLANG_WARN_COMMA = YES;
				CLANG_WARN_CONSTANT_CONVERSION = YES;
				CLANG_WARN_DEPRECATED_OBJC_IMPLEMENTATIONS = YES;
				CLANG_WARN_DIRECT_OBJC_ISA_USAGE = YES_ERROR;
				CLANG_WARN_DOCUMENTATION_COMMENTS = YES;
				CLANG_WARN_EMPTY_BODY = YES;
				CLANG_WARN_ENUM_CONVERSION = YES;
				CLANG_WARN_INFINITE_RECURSION = YES;
				CLANG_WARN_INT_CONVERSION = YES;
				CLANG_WARN_NON_LITERAL_NULL_CONVERSION = YES;
				CLANG_WARN_OBJC_IMPLICIT_RETAIN_SELF = YES;
				CLANG_WARN_OBJC_LITERAL_CONVERSION = YES;
				CLANG_WARN_OBJC_ROOT_CLASS = YES_ERROR;
				CLANG_WARN_QUOTED_INCLUDE_IN_FRAMEWORK_HEADER = YES;
				CLANG_WARN_RANGE_LOOP_ANALYSIS = YES;
				CLANG_WARN_STRICT_PROTOTYPES = YES;
				CLANG_WARN_SUSPICIOUS_MOVE = YES;
				CLANG_WARN_UNGUARDED_AVAILABILITY = YES_AGGRESSIVE;
				CLANG_WARN_UNREACHABLE_CODE = YES;
				CLANG_WARN__DUPLICATE_METHOD_MATCH = YES;
				COPY_PHASE_STRIP = NO;
				DEBUG_INFORMATION_FORMAT = "dwarf-with-dsym";
				ENABLE_NS_ASSERTIONS = NO;
				ENABLE_STRICT_OBJC_MSGSEND = YES;
				GCC_C_LANGUAGE_STANDARD = gnu11;
				GCC_NO_COMMON_BLOCKS = YES;
				GCC_WARN_64_TO_32_BIT_CONVERSION = YES;
				GCC_WARN_ABOUT_RETURN_TYPE = YES_ERROR;
				GCC_WARN_UNDECLARED_SELECTOR = YES;
				GCC_WARN_UNINITIALIZED_AUTOS = YES_AGGRESSIVE;
				GCC_WARN_UNUSED_FUNCTION = YES;
				GCC_WARN_UNUSED_VARIABLE = YES;
				IPHONEOS_DEPLOYMENT_TARGET = 16.4;
				MTL_ENABLE_DEBUG_INFO = NO;
				MTL_FAST_MATH = YES;
				SDKROOT = iphoneos;
				SWIFT_COMPILATION_MODE = wholemodule;
				SWIFT_OPTIMIZATION_LEVEL = "-O";
				VALIDATE_PRODUCT = YES;
			};
			name = Release;
		};
		5BCC0CB52A3088C20080A3AF /* Debug */ = {
			isa = XCBuildConfiguration;
			buildSettings = {
				ASSETCATALOG_COMPILER_APPICON_NAME = AppIcon;
				ASSETCATALOG_COMPILER_GLOBAL_ACCENT_COLOR_NAME = AccentColor;
				CODE_SIGN_STYLE = Automatic;
				CURRENT_PROJECT_VERSION = 1;
				DEVELOPMENT_ASSET_PATHS = "\"Triviagame/Preview Content\"";
				ENABLE_PREVIEWS = YES;
				GENERATE_INFOPLIST_FILE = YES;
				INFOPLIST_KEY_UIApplicationSceneManifest_Generation = YES;
				INFOPLIST_KEY_UIApplicationSupportsIndirectInputEvents = YES;
				INFOPLIST_KEY_UILaunchScreen_Generation = YES;
				INFOPLIST_KEY_UISupportedInterfaceOrientations_iPad = "UIInterfaceOrientationPortrait UIInterfaceOrientationPortraitUpsideDown UIInterfaceOrientationLandscapeLeft UIInterfaceOrientationLandscapeRight";
				INFOPLIST_KEY_UISupportedInterfaceOrientations_iPhone = "UIInterfaceOrientationPortrait UIInterfaceOrientationLandscapeLeft UIInterfaceOrientationLandscapeRight";
				LD_RUNPATH_SEARCH_PATHS = (
					"$(inherited)",
					"@executable_path/Frameworks",
				);
				MARKETING_VERSION = 1.0;
				PRODUCT_BUNDLE_IDENTIFIER = com.pv.Triviagame;
				PRODUCT_NAME = "$(TARGET_NAME)";
				SWIFT_EMIT_LOC_STRINGS = YES;
				SWIFT_VERSION = 5.0;
				TARGETED_DEVICE_FAMILY = "1,2";
			};
			name = Debug;
		};
		5BCC0CB62A3088C20080A3AF /* Release */ = {
			isa = XCBuildConfiguration;
			buildSettings = {
				ASSETCATALOG_COMPILER_APPICON_NAME = AppIcon;
				ASSETCATALOG_COMPILER_GLOBAL_ACCENT_COLOR_NAME = AccentColor;
				CODE_SIGN_STYLE = Automatic;
				CURRENT_PROJECT_VERSION = 1;
				DEVELOPMENT_ASSET_PATHS = "\"Triviagame/Preview Content\"";
				ENABLE_PREVIEWS = YES;
				GENERATE_INFOPLIST_FILE = YES;
				INFOPLIST_KEY_UIApplicationSceneManifest_Generation = YES;
				INFOPLIST_KEY_UIApplicationSupportsIndirectInputEvents = YES;
				INFOPLIST_KEY_UILaunchScreen_Generation = YES;
				INFOPLIST_KEY_UISupportedInterfaceOrientations_iPad = "UIInterfaceOrientationPortrait UIInterfaceOrientationPortraitUpsideDown UIInterfaceOrientationLandscapeLeft UIInterfaceOrientationLandscapeRight";
				INFOPLIST_KEY_UISupportedInterfaceOrientations_iPhone = "UIInterfaceOrientationPortrait UIInterfaceOrientationLandscapeLeft UIInterfaceOrientationLandscapeRight";
				LD_RUNPATH_SEARCH_PATHS = (
					"$(inherited)",
					"@executable_path/Frameworks",
				);
				MARKETING_VERSION = 1.0;
				PRODUCT_BUNDLE_IDENTIFIER = com.pv.Triviagame;
				PRODUCT_NAME = "$(TARGET_NAME)";
				SWIFT_EMIT_LOC_STRINGS = YES;
				SWIFT_VERSION = 5.0;
				TARGETED_DEVICE_FAMILY = "1,2";
			};
			name = Release;
		};
/* End XCBuildConfiguration section */

/* Begin XCConfigurationList section */
		5BCC0CA12A3088BF0080A3AF /* Build configuration list for PBXProject "Triviagame" */ = {
			isa = XCConfigurationList;
			buildConfigurations = (
				5BCC0CB22A3088C20080A3AF /* Debug */,
				5BCC0CB32A3088C20080A3AF /* Release */,
			);
			defaultConfigurationIsVisible = 0;
			defaultConfigurationName = Release;
		};
		5BCC0CB42A3088C20080A3AF /* Build configuration list for PBXNativeTarget "Triviagame" */ = {
			isa = XCConfigurationList;
			buildConfigurations = (
				5BCC0CB52A3088C20080A3AF /* Debug */,
				5BCC0CB62A3088C20080A3AF /* Release */,
			);
			defaultConfigurationIsVisible = 0;
			defaultConfigurationName = Release;
		};
/* End XCConfigurationList section */
	};
	rootObject = 5BCC0C9E2A3088BF0080A3AF /* Project object */;
}
